// !$*UTF8*$!
{
	archiveVersion = 1;
	classes = {
	};
	objectVersion = 50;
	objects = {

/* Begin PBXBuildFile section */
		A732CA452578D49700E6B4BD /* AppDelegate.swift in Sources */ = {isa = PBXBuildFile; fileRef = A732CA442578D49700E6B4BD /* AppDelegate.swift */; };
		A732CA472578D49700E6B4BD /* SceneDelegate.swift in Sources */ = {isa = PBXBuildFile; fileRef = A732CA462578D49700E6B4BD /* SceneDelegate.swift */; };
		A732CA4C2578D49700E6B4BD /* Main.storyboard in Resources */ = {isa = PBXBuildFile; fileRef = A732CA4A2578D49700E6B4BD /* Main.storyboard */; };
		A732CA4E2578D49800E6B4BD /* Assets.xcassets in Resources */ = {isa = PBXBuildFile; fileRef = A732CA4D2578D49800E6B4BD /* Assets.xcassets */; };
		A732CA512578D49800E6B4BD /* LaunchScreen.storyboard in Resources */ = {isa = PBXBuildFile; fileRef = A732CA4F2578D49800E6B4BD /* LaunchScreen.storyboard */; };
		A732CA5F2578D5EA00E6B4BD /* LayoutModel.swift in Sources */ = {isa = PBXBuildFile; fileRef = A732CA5E2578D5EA00E6B4BD /* LayoutModel.swift */; };
		A732CA642578D7F500E6B4BD /* SpreadListViewController.swift in Sources */ = {isa = PBXBuildFile; fileRef = A732CA632578D7F500E6B4BD /* SpreadListViewController.swift */; };
		A732CA682578D89B00E6B4BD /* ListViewModel.swift in Sources */ = {isa = PBXBuildFile; fileRef = A732CA672578D89B00E6B4BD /* ListViewModel.swift */; };
		A732CA6C2578D9B300E6B4BD /* LoginViewModel.swift in Sources */ = {isa = PBXBuildFile; fileRef = A732CA6B2578D9B200E6B4BD /* LoginViewModel.swift */; };
		A75C13B4257A072E003C37C0 /* SheetSheetExtension.swift in Sources */ = {isa = PBXBuildFile; fileRef = A75C13B3257A072E003C37C0 /* SheetSheetExtension.swift */; };
		A77515A42578E5CD000A2867 /* SpreadSheetViewController.swift in Sources */ = {isa = PBXBuildFile; fileRef = A77515A32578E5CD000A2867 /* SpreadSheetViewController.swift */; };
		A77515A72578E80A000A2867 /* SheetVIewModel.swift in Sources */ = {isa = PBXBuildFile; fileRef = A77515A62578E80A000A2867 /* SheetVIewModel.swift */; };
		A77515AB2578E996000A2867 /* SheetCustomLayout.swift in Sources */ = {isa = PBXBuildFile; fileRef = A77515AA2578E996000A2867 /* SheetCustomLayout.swift */; };
/* End PBXBuildFile section */

/* Begin PBXFileReference section */
		A732CA412578D49700E6B4BD /* SpreadSheet_2.app */ = {isa = PBXFileReference; explicitFileType = wrapper.application; includeInIndex = 0; path = SpreadSheet_2.app; sourceTree = BUILT_PRODUCTS_DIR; };
		A732CA442578D49700E6B4BD /* AppDelegate.swift */ = {isa = PBXFileReference; lastKnownFileType = sourcecode.swift; path = AppDelegate.swift; sourceTree = "<group>"; };
		A732CA462578D49700E6B4BD /* SceneDelegate.swift */ = {isa = PBXFileReference; lastKnownFileType = sourcecode.swift; path = SceneDelegate.swift; sourceTree = "<group>"; };
		A732CA4B2578D49700E6B4BD /* Base */ = {isa = PBXFileReference; lastKnownFileType = file.storyboard; name = Base; path = Base.lproj/Main.storyboard; sourceTree = "<group>"; };
		A732CA4D2578D49800E6B4BD /* Assets.xcassets */ = {isa = PBXFileReference; lastKnownFileType = folder.assetcatalog; path = Assets.xcassets; sourceTree = "<group>"; };
		A732CA502578D49800E6B4BD /* Base */ = {isa = PBXFileReference; lastKnownFileType = file.storyboard; name = Base; path = Base.lproj/LaunchScreen.storyboard; sourceTree = "<group>"; };
		A732CA522578D49800E6B4BD /* Info.plist */ = {isa = PBXFileReference; lastKnownFileType = text.plist.xml; path = Info.plist; sourceTree = "<group>"; };
		A732CA5E2578D5EA00E6B4BD /* LayoutModel.swift */ = {isa = PBXFileReference; lastKnownFileType = sourcecode.swift; path = LayoutModel.swift; sourceTree = "<group>"; };
		A732CA632578D7F500E6B4BD /* SpreadListViewController.swift */ = {isa = PBXFileReference; lastKnownFileType = sourcecode.swift; path = SpreadListViewController.swift; sourceTree = "<group>"; };
		A732CA672578D89B00E6B4BD /* ListViewModel.swift */ = {isa = PBXFileReference; lastKnownFileType = sourcecode.swift; path = ListViewModel.swift; sourceTree = "<group>"; };
		A732CA6B2578D9B200E6B4BD /* LoginViewModel.swift */ = {isa = PBXFileReference; lastKnownFileType = sourcecode.swift; path = LoginViewModel.swift; sourceTree = "<group>"; };
		A75C13B3257A072E003C37C0 /* SheetSheetExtension.swift */ = {isa = PBXFileReference; lastKnownFileType = sourcecode.swift; path = SheetSheetExtension.swift; sourceTree = "<group>"; };
		A77515A32578E5CD000A2867 /* SpreadSheetViewController.swift */ = {isa = PBXFileReference; lastKnownFileType = sourcecode.swift; path = SpreadSheetViewController.swift; sourceTree = "<group>"; };
		A77515A62578E80A000A2867 /* SheetVIewModel.swift */ = {isa = PBXFileReference; lastKnownFileType = sourcecode.swift; path = SheetVIewModel.swift; sourceTree = "<group>"; };
		A77515AA2578E996000A2867 /* SheetCustomLayout.swift */ = {isa = PBXFileReference; lastKnownFileType = sourcecode.swift; path = SheetCustomLayout.swift; sourceTree = "<group>"; };
/* End PBXFileReference section */

/* Begin PBXFrameworksBuildPhase section */
		A732CA3E2578D49700E6B4BD /* Frameworks */ = {
			isa = PBXFrameworksBuildPhase;
			buildActionMask = 2147483647;
			files = (
			);
			runOnlyForDeploymentPostprocessing = 0;
		};
/* End PBXFrameworksBuildPhase section */

/* Begin PBXGroup section */
		A732CA382578D49700E6B4BD = {
			isa = PBXGroup;
			children = (
				A732CA432578D49700E6B4BD /* SpreadSheet_2 */,
				A732CA422578D49700E6B4BD /* Products */,
			);
			sourceTree = "<group>";
		};
		A732CA422578D49700E6B4BD /* Products */ = {
			isa = PBXGroup;
			children = (
				A732CA412578D49700E6B4BD /* SpreadSheet_2.app */,
			);
			name = Products;
			sourceTree = "<group>";
		};
		A732CA432578D49700E6B4BD /* SpreadSheet_2 */ = {
			isa = PBXGroup;
			children = (
				A77515AD2578EAF3000A2867 /* SpreadSheet */,
				A732CA662578D88800E6B4BD /* ViewModels */,
				A732CA5D2578D5DC00E6B4BD /* Models */,
				A732CA5C2578D5D200E6B4BD /* SpreadList */,
				A732CA442578D49700E6B4BD /* AppDelegate.swift */,
				A732CA462578D49700E6B4BD /* SceneDelegate.swift */,
				A732CA4A2578D49700E6B4BD /* Main.storyboard */,
				A732CA4D2578D49800E6B4BD /* Assets.xcassets */,
				A732CA4F2578D49800E6B4BD /* LaunchScreen.storyboard */,
				A732CA522578D49800E6B4BD /* Info.plist */,
			);
			path = SpreadSheet_2;
			sourceTree = "<group>";
		};
		A732CA5C2578D5D200E6B4BD /* SpreadList */ = {
			isa = PBXGroup;
			children = (
				A732CA632578D7F500E6B4BD /* SpreadListViewController.swift */,
			);
			path = SpreadList;
			sourceTree = "<group>";
		};
		A732CA5D2578D5DC00E6B4BD /* Models */ = {
			isa = PBXGroup;
			children = (
				A732CA5E2578D5EA00E6B4BD /* LayoutModel.swift */,
			);
			path = Models;
			sourceTree = "<group>";
		};
		A732CA662578D88800E6B4BD /* ViewModels */ = {
			isa = PBXGroup;
			children = (
				A732CA672578D89B00E6B4BD /* ListViewModel.swift */,
				A732CA6B2578D9B200E6B4BD /* LoginViewModel.swift */,
				A77515A62578E80A000A2867 /* SheetVIewModel.swift */,
			);
			path = ViewModels;
			sourceTree = "<group>";
		};
		A77515AD2578EAF3000A2867 /* SpreadSheet */ = {
			isa = PBXGroup;
			children = (
				A77515A32578E5CD000A2867 /* SpreadSheetViewController.swift */,
				A77515AA2578E996000A2867 /* SheetCustomLayout.swift */,
				A75C13B3257A072E003C37C0 /* SheetSheetExtension.swift */,
			);
			path = SpreadSheet;
			sourceTree = "<group>";
		};
/* End PBXGroup section */

/* Begin PBXNativeTarget section */
		A732CA402578D49700E6B4BD /* SpreadSheet_2 */ = {
			isa = PBXNativeTarget;
			buildConfigurationList = A732CA552578D49800E6B4BD /* Build configuration list for PBXNativeTarget "SpreadSheet_2" */;
			buildPhases = (
				A732CA3D2578D49700E6B4BD /* Sources */,
				A732CA3E2578D49700E6B4BD /* Frameworks */,
				A732CA3F2578D49700E6B4BD /* Resources */,
			);
			buildRules = (
			);
			dependencies = (
			);
			name = SpreadSheet_2;
			productName = SpreadSheet_2;
			productReference = A732CA412578D49700E6B4BD /* SpreadSheet_2.app */;
			productType = "com.apple.product-type.application";
		};
/* End PBXNativeTarget section */

/* Begin PBXProject section */
		A732CA392578D49700E6B4BD /* Project object */ = {
			isa = PBXProject;
			attributes = {
				LastSwiftUpdateCheck = 1220;
				LastUpgradeCheck = 1220;
				TargetAttributes = {
					A732CA402578D49700E6B4BD = {
						CreatedOnToolsVersion = 12.2;
					};
				};
			};
			buildConfigurationList = A732CA3C2578D49700E6B4BD /* Build configuration list for PBXProject "SpreadSheet_2" */;
			compatibilityVersion = "Xcode 9.3";
			developmentRegion = en;
			hasScannedForEncodings = 0;
			knownRegions = (
				en,
				Base,
			);
			mainGroup = A732CA382578D49700E6B4BD;
			productRefGroup = A732CA422578D49700E6B4BD /* Products */;
			projectDirPath = "";
			projectRoot = "";
			targets = (
				A732CA402578D49700E6B4BD /* SpreadSheet_2 */,
			);
		};
/* End PBXProject section */

/* Begin PBXResourcesBuildPhase section */
		A732CA3F2578D49700E6B4BD /* Resources */ = {
			isa = PBXResourcesBuildPhase;
			buildActionMask = 2147483647;
			files = (
				A732CA512578D49800E6B4BD /* LaunchScreen.storyboard in Resources */,
				A732CA4E2578D49800E6B4BD /* Assets.xcassets in Resources */,
				A732CA4C2578D49700E6B4BD /* Main.storyboard in Resources */,
			);
			runOnlyForDeploymentPostprocessing = 0;
		};
/* End PBXResourcesBuildPhase section */

/* Begin PBXSourcesBuildPhase section */
		A732CA3D2578D49700E6B4BD /* Sources */ = {
			isa = PBXSourcesBuildPhase;
			buildActionMask = 2147483647;
			files = (
				A732CA682578D89B00E6B4BD /* ListViewModel.swift in Sources */,
				A732CA452578D49700E6B4BD /* AppDelegate.swift in Sources */,
				A77515A42578E5CD000A2867 /* SpreadSheetViewController.swift in Sources */,
				A732CA5F2578D5EA00E6B4BD /* LayoutModel.swift in Sources */,
				A77515A72578E80A000A2867 /* SheetVIewModel.swift in Sources */,
				A732CA472578D49700E6B4BD /* SceneDelegate.swift in Sources */,
				A732CA6C2578D9B300E6B4BD /* LoginViewModel.swift in Sources */,
				A77515AB2578E996000A2867 /* SheetCustomLayout.swift in Sources */,
				A732CA642578D7F500E6B4BD /* SpreadListViewController.swift in Sources */,
				A75C13B4257A072E003C37C0 /* SheetSheetExtension.swift in Sources */,
			);
			runOnlyForDeploymentPostprocessing = 0;
		};
/* End PBXSourcesBuildPhase section */

/* Begin PBXVariantGroup section */
		A732CA4A2578D49700E6B4BD /* Main.storyboard */ = {
			isa = PBXVariantGroup;
			children = (
				A732CA4B2578D49700E6B4BD /* Base */,
			);
			name = Main.storyboard;
			sourceTree = "<group>";
		};
		A732CA4F2578D49800E6B4BD /* LaunchScreen.storyboard */ = {
			isa = PBXVariantGroup;
			children = (
				A732CA502578D49800E6B4BD /* Base */,
			);
			name = LaunchScreen.storyboard;
			sourceTree = "<group>";
		};
/* End PBXVariantGroup section */

/* Begin XCBuildConfiguration section */
		A732CA532578D49800E6B4BD /* Debug */ = {
			isa = XCBuildConfiguration;
			buildSettings = {
				ALWAYS_SEARCH_USER_PATHS = NO;
				CLANG_ANALYZER_NONNULL = YES;
				CLANG_ANALYZER_NUMBER_OBJECT_CONVERSION = YES_AGGRESSIVE;
				CLANG_CXX_LANGUAGE_STANDARD = "gnu++14";
				CLANG_CXX_LIBRARY = "libc++";
				CLANG_ENABLE_MODULES = YES;
				CLANG_ENABLE_OBJC_ARC = YES;
				CLANG_ENABLE_OBJC_WEAK = YES;
				CLANG_WARN_BLOCK_CAPTURE_AUTORELEASING = YES;
				CLANG_WARN_BOOL_CONVERSION = YES;
				CLANG_WARN_COMMA = YES;
				CLANG_WARN_CONSTANT_CONVERSION = YES;
				CLANG_WARN_DEPRECATED_OBJC_IMPLEMENTATIONS = YES;
				CLANG_WARN_DIRECT_OBJC_ISA_USAGE = YES_ERROR;
				CLANG_WARN_DOCUMENTATION_COMMENTS = YES;
				CLANG_WARN_EMPTY_BODY = YES;
				CLANG_WARN_ENUM_CONVERSION = YES;
				CLANG_WARN_INFINITE_RECURSION = YES;
				CLANG_WARN_INT_CONVERSION = YES;
				CLANG_WARN_NON_LITERAL_NULL_CONVERSION = YES;
				CLANG_WARN_OBJC_IMPLICIT_RETAIN_SELF = YES;
				CLANG_WARN_OBJC_LITERAL_CONVERSION = YES;
				CLANG_WARN_OBJC_ROOT_CLASS = YES_ERROR;
				CLANG_WARN_QUOTED_INCLUDE_IN_FRAMEWORK_HEADER = YES;
				CLANG_WARN_RANGE_LOOP_ANALYSIS = YES;
				CLANG_WARN_STRICT_PROTOTYPES = YES;
				CLANG_WARN_SUSPICIOUS_MOVE = YES;
				CLANG_WARN_UNGUARDED_AVAILABILITY = YES_AGGRESSIVE;
				CLANG_WARN_UNREACHABLE_CODE = YES;
				CLANG_WARN__DUPLICATE_METHOD_MATCH = YES;
				COPY_PHASE_STRIP = NO;
				DEBUG_INFORMATION_FORMAT = dwarf;
				ENABLE_STRICT_OBJC_MSGSEND = YES;
				ENABLE_TESTABILITY = YES;
				GCC_C_LANGUAGE_STANDARD = gnu11;
				GCC_DYNAMIC_NO_PIC = NO;
				GCC_NO_COMMON_BLOCKS = YES;
				GCC_OPTIMIZATION_LEVEL = 0;
				GCC_PREPROCESSOR_DEFINITIONS = (
					"DEBUG=1",
					"$(inherited)",
				);
				GCC_WARN_64_TO_32_BIT_CONVERSION = YES;
				GCC_WARN_ABOUT_RETURN_TYPE = YES_ERROR;
				GCC_WARN_UNDECLARED_SELECTOR = YES;
				GCC_WARN_UNINITIALIZED_AUTOS = YES_AGGRESSIVE;
				GCC_WARN_UNUSED_FUNCTION = YES;
				GCC_WARN_UNUSED_VARIABLE = YES;
				IPHONEOS_DEPLOYMENT_TARGET = 14.2;
				MTL_ENABLE_DEBUG_INFO = INCLUDE_SOURCE;
				MTL_FAST_MATH = YES;
				ONLY_ACTIVE_ARCH = YES;
				SDKROOT = iphoneos;
				SWIFT_ACTIVE_COMPILATION_CONDITIONS = DEBUG;
				SWIFT_OPTIMIZATION_LEVEL = "-Onone";
			};
			name = Debug;
		};
		A732CA542578D49800E6B4BD /* Release */ = {
			isa = XCBuildConfiguration;
			buildSettings = {
				ALWAYS_SEARCH_USER_PATHS = NO;
				CLANG_ANALYZER_NONNULL = YES;
				CLANG_ANALYZER_NUMBER_OBJECT_CONVERSION = YES_AGGRESSIVE;
				CLANG_CXX_LANGUAGE_STANDARD = "gnu++14";
				CLANG_CXX_LIBRARY = "libc++";
				CLANG_ENABLE_MODULES = YES;
				CLANG_ENABLE_OBJC_ARC = YES;
				CLANG_ENABLE_OBJC_WEAK = YES;
				CLANG_WARN_BLOCK_CAPTURE_AUTORELEASING = YES;
				CLANG_WARN_BOOL_CONVERSION = YES;
				CLANG_WARN_COMMA = YES;
				CLANG_WARN_CONSTANT_CONVERSION = YES;
				CLANG_WARN_DEPRECATED_OBJC_IMPLEMENTATIONS = YES;
				CLANG_WARN_DIRECT_OBJC_ISA_USAGE = YES_ERROR;
				CLANG_WARN_DOCUMENTATION_COMMENTS = YES;
				CLANG_WARN_EMPTY_BODY = YES;
				CLANG_WARN_ENUM_CONVERSION = YES;
				CLANG_WARN_INFINITE_RECURSION = YES;
				CLANG_WARN_INT_CONVERSION = YES;
				CLANG_WARN_NON_LITERAL_NULL_CONVERSION = YES;
				CLANG_WARN_OBJC_IMPLICIT_RETAIN_SELF = YES;
				CLANG_WARN_OBJC_LITERAL_CONVERSION = YES;
				CLANG_WARN_OBJC_ROOT_CLASS = YES_ERROR;
				CLANG_WARN_QUOTED_INCLUDE_IN_FRAMEWORK_HEADER = YES;
				CLANG_WARN_RANGE_LOOP_ANALYSIS = YES;
				CLANG_WARN_STRICT_PROTOTYPES = YES;
				CLANG_WARN_SUSPICIOUS_MOVE = YES;
				CLANG_WARN_UNGUARDED_AVAILABILITY = YES_AGGRESSIVE;
				CLANG_WARN_UNREACHABLE_CODE = YES;
				CLANG_WARN__DUPLICATE_METHOD_MATCH = YES;
				COPY_PHASE_STRIP = NO;
				DEBUG_INFORMATION_FORMAT = "dwarf-with-dsym";
				ENABLE_NS_ASSERTIONS = NO;
				ENABLE_STRICT_OBJC_MSGSEND = YES;
				GCC_C_LANGUAGE_STANDARD = gnu11;
				GCC_NO_COMMON_BLOCKS = YES;
				GCC_WARN_64_TO_32_BIT_CONVERSION = YES;
				GCC_WARN_ABOUT_RETURN_TYPE = YES_ERROR;
				GCC_WARN_UNDECLARED_SELECTOR = YES;
				GCC_WARN_UNINITIALIZED_AUTOS = YES_AGGRESSIVE;
				GCC_WARN_UNUSED_FUNCTION = YES;
				GCC_WARN_UNUSED_VARIABLE = YES;
				IPHONEOS_DEPLOYMENT_TARGET = 14.2;
				MTL_ENABLE_DEBUG_INFO = NO;
				MTL_FAST_MATH = YES;
				SDKROOT = iphoneos;
				SWIFT_COMPILATION_MODE = wholemodule;
				SWIFT_OPTIMIZATION_LEVEL = "-O";
				VALIDATE_PRODUCT = YES;
			};
			name = Release;
		};
		A732CA562578D49800E6B4BD /* Debug */ = {
			isa = XCBuildConfiguration;
			buildSettings = {
				ASSETCATALOG_COMPILER_APPICON_NAME = AppIcon;
				ASSETCATALOG_COMPILER_GLOBAL_ACCENT_COLOR_NAME = AccentColor;
				CODE_SIGN_STYLE = Automatic;
				DEVELOPMENT_TEAM = CH57QT784A;
				INFOPLIST_FILE = SpreadSheet_2/Info.plist;
				LD_RUNPATH_SEARCH_PATHS = (
					"$(inherited)",
					"@executable_path/Frameworks",
				);
				PRODUCT_BUNDLE_IDENTIFIER = "JH.SpreadSheet-2";
				PRODUCT_NAME = "$(TARGET_NAME)";
				SWIFT_VERSION = 5.0;
				TARGETED_DEVICE_FAMILY = "1,2";
			};
			name = Debug;
		};
		A732CA572578D49800E6B4BD /* Release */ = {
			isa = XCBuildConfiguration;
			buildSettings = {
				ASSETCATALOG_COMPILER_APPICON_NAME = AppIcon;
				ASSETCATALOG_COMPILER_GLOBAL_ACCENT_COLOR_NAME = AccentColor;
				CODE_SIGN_STYLE = Automatic;
				DEVELOPMENT_TEAM = CH57QT784A;
				INFOPLIST_FILE = SpreadSheet_2/Info.plist;
				LD_RUNPATH_SEARCH_PATHS = (
					"$(inherited)",
					"@executable_path/Frameworks",
				);
				PRODUCT_BUNDLE_IDENTIFIER = "JH.SpreadSheet-2";
				PRODUCT_NAME = "$(TARGET_NAME)";
				SWIFT_VERSION = 5.0;
				TARGETED_DEVICE_FAMILY = "1,2";
			};
			name = Release;
		};
/* End XCBuildConfiguration section */

/* Begin XCConfigurationList section */
		A732CA3C2578D49700E6B4BD /* Build configuration list for PBXProject "SpreadSheet_2" */ = {
			isa = XCConfigurationList;
			buildConfigurations = (
				A732CA532578D49800E6B4BD /* Debug */,
				A732CA542578D49800E6B4BD /* Release */,
			);
			defaultConfigurationIsVisible = 0;
			defaultConfigurationName = Release;
		};
		A732CA552578D49800E6B4BD /* Build configuration list for PBXNativeTarget "SpreadSheet_2" */ = {
			isa = XCConfigurationList;
			buildConfigurations = (
				A732CA562578D49800E6B4BD /* Debug */,
				A732CA572578D49800E6B4BD /* Release */,
			);
			defaultConfigurationIsVisible = 0;
			defaultConfigurationName = Release;
		};
/* End XCConfigurationList section */
	};
	rootObject = A732CA392578D49700E6B4BD /* Project object */;
}
